// !$*UTF8*$!
{
	archiveVersion = 1;
	classes = {
	};
	objectVersion = 46;
	objects = {

/* Begin PBXBuildFile section */
		D55940CD1E7BB8740039982C /* AppDelegate.swift in Sources */ = {isa = PBXBuildFile; fileRef = D55940CC1E7BB8740039982C /* AppDelegate.swift */; };
		D55940CF1E7BB8740039982C /* ViewController.swift in Sources */ = {isa = PBXBuildFile; fileRef = D55940CE1E7BB8740039982C /* ViewController.swift */; };
		D55940D21E7BB8740039982C /* Main.storyboard in Resources */ = {isa = PBXBuildFile; fileRef = D55940D01E7BB8740039982C /* Main.storyboard */; };
		D55940D41E7BB8740039982C /* Assets.xcassets in Resources */ = {isa = PBXBuildFile; fileRef = D55940D31E7BB8740039982C /* Assets.xcassets */; };
		D55940D71E7BB8740039982C /* LaunchScreen.storyboard in Resources */ = {isa = PBXBuildFile; fileRef = D55940D51E7BB8740039982C /* LaunchScreen.storyboard */; };
		D55940E21E7BB8740039982C /* fishPaintTests.swift in Sources */ = {isa = PBXBuildFile; fileRef = D55940E11E7BB8740039982C /* fishPaintTests.swift */; };
		D55940ED1E7BB8740039982C /* fishPaintUITests.swift in Sources */ = {isa = PBXBuildFile; fileRef = D55940EC1E7BB8740039982C /* fishPaintUITests.swift */; };
		D55940FC1E7BBE070039982C /* fishPaint.swift in Sources */ = {isa = PBXBuildFile; fileRef = D55940FB1E7BBE070039982C /* fishPaint.swift */; };
/* End PBXBuildFile section */

/* Begin PBXContainerItemProxy section */
		D55940DE1E7BB8740039982C /* PBXContainerItemProxy */ = {
			isa = PBXContainerItemProxy;
			containerPortal = D55940C11E7BB8740039982C /* Project object */;
			proxyType = 1;
			remoteGlobalIDString = D55940C81E7BB8740039982C;
			remoteInfo = fishPaint;
		};
		D55940E91E7BB8740039982C /* PBXContainerItemProxy */ = {
			isa = PBXContainerItemProxy;
			containerPortal = D55940C11E7BB8740039982C /* Project object */;
			proxyType = 1;
			remoteGlobalIDString = D55940C81E7BB8740039982C;
			remoteInfo = fishPaint;
		};
/* End PBXContainerItemProxy section */

/* Begin PBXFileReference section */
		D55940C91E7BB8740039982C /* fishPaint.app */ = {isa = PBXFileReference; explicitFileType = wrapper.application; includeInIndex = 0; path = fishPaint.app; sourceTree = BUILT_PRODUCTS_DIR; };
		D55940CC1E7BB8740039982C /* AppDelegate.swift */ = {isa = PBXFileReference; lastKnownFileType = sourcecode.swift; path = AppDelegate.swift; sourceTree = "<group>"; };
		D55940CE1E7BB8740039982C /* ViewController.swift */ = {isa = PBXFileReference; lastKnownFileType = sourcecode.swift; path = ViewController.swift; sourceTree = "<group>"; };
		D55940D11E7BB8740039982C /* Base */ = {isa = PBXFileReference; lastKnownFileType = file.storyboard; name = Base; path = Base.lproj/Main.storyboard; sourceTree = "<group>"; };
		D55940D31E7BB8740039982C /* Assets.xcassets */ = {isa = PBXFileReference; lastKnownFileType = folder.assetcatalog; path = Assets.xcassets; sourceTree = "<group>"; };
		D55940D61E7BB8740039982C /* Base */ = {isa = PBXFileReference; lastKnownFileType = file.storyboard; name = Base; path = Base.lproj/LaunchScreen.storyboard; sourceTree = "<group>"; };
		D55940D81E7BB8740039982C /* Info.plist */ = {isa = PBXFileReference; lastKnownFileType = text.plist.xml; path = Info.plist; sourceTree = "<group>"; };
		D55940DD1E7BB8740039982C /* fishPaintTests.xctest */ = {isa = PBXFileReference; explicitFileType = wrapper.cfbundle; includeInIndex = 0; path = fishPaintTests.xctest; sourceTree = BUILT_PRODUCTS_DIR; };
		D55940E11E7BB8740039982C /* fishPaintTests.swift */ = {isa = PBXFileReference; lastKnownFileType = sourcecode.swift; path = fishPaintTests.swift; sourceTree = "<group>"; };
		D55940E31E7BB8740039982C /* Info.plist */ = {isa = PBXFileReference; lastKnownFileType = text.plist.xml; path = Info.plist; sourceTree = "<group>"; };
		D55940E81E7BB8740039982C /* fishPaintUITests.xctest */ = {isa = PBXFileReference; explicitFileType = wrapper.cfbundle; includeInIndex = 0; path = fishPaintUITests.xctest; sourceTree = BUILT_PRODUCTS_DIR; };
		D55940EC1E7BB8740039982C /* fishPaintUITests.swift */ = {isa = PBXFileReference; lastKnownFileType = sourcecode.swift; path = fishPaintUITests.swift; sourceTree = "<group>"; };
		D55940EE1E7BB8740039982C /* Info.plist */ = {isa = PBXFileReference; lastKnownFileType = text.plist.xml; path = Info.plist; sourceTree = "<group>"; };
		D55940FB1E7BBE070039982C /* fishPaint.swift */ = {isa = PBXFileReference; fileEncoding = 4; lastKnownFileType = sourcecode.swift; name = fishPaint.swift; path = Class/fishPaint.swift; sourceTree = "<group>"; };
/* End PBXFileReference section */

/* Begin PBXFrameworksBuildPhase section */
		D55940C61E7BB8740039982C /* Frameworks */ = {
			isa = PBXFrameworksBuildPhase;
			buildActionMask = 2147483647;
			files = (
			);
			runOnlyForDeploymentPostprocessing = 0;
		};
		D55940DA1E7BB8740039982C /* Frameworks */ = {
			isa = PBXFrameworksBuildPhase;
			buildActionMask = 2147483647;
			files = (
			);
			runOnlyForDeploymentPostprocessing = 0;
		};
		D55940E51E7BB8740039982C /* Frameworks */ = {
			isa = PBXFrameworksBuildPhase;
			buildActionMask = 2147483647;
			files = (
			);
			runOnlyForDeploymentPostprocessing = 0;
		};
/* End PBXFrameworksBuildPhase section */

/* Begin PBXGroup section */
		D55940C01E7BB8740039982C = {
			isa = PBXGroup;
			children = (
				D55940CB1E7BB8740039982C /* fishPaint */,
				D55940E01E7BB8740039982C /* fishPaintTests */,
				D55940EB1E7BB8740039982C /* fishPaintUITests */,
				D55940CA1E7BB8740039982C /* Products */,
			);
			sourceTree = "<group>";
		};
		D55940CA1E7BB8740039982C /* Products */ = {
			isa = PBXGroup;
			children = (
				D55940C91E7BB8740039982C /* fishPaint.app */,
				D55940DD1E7BB8740039982C /* fishPaintTests.xctest */,
				D55940E81E7BB8740039982C /* fishPaintUITests.xctest */,
			);
			name = Products;
			sourceTree = "<group>";
		};
		D55940CB1E7BB8740039982C /* fishPaint */ = {
			isa = PBXGroup;
			children = (
				D55940FA1E7BBD7F0039982C /* Class */,
				D55940CC1E7BB8740039982C /* AppDelegate.swift */,
				D55940CE1E7BB8740039982C /* ViewController.swift */,
				D55940D01E7BB8740039982C /* Main.storyboard */,
				D55940D31E7BB8740039982C /* Assets.xcassets */,
				D55940D51E7BB8740039982C /* LaunchScreen.storyboard */,
				D55940D81E7BB8740039982C /* Info.plist */,
			);
			path = fishPaint;
			sourceTree = "<group>";
		};
		D55940E01E7BB8740039982C /* fishPaintTests */ = {
			isa = PBXGroup;
			children = (
				D55940E11E7BB8740039982C /* fishPaintTests.swift */,
				D55940E31E7BB8740039982C /* Info.plist */,
			);
			path = fishPaintTests;
			sourceTree = "<group>";
		};
		D55940EB1E7BB8740039982C /* fishPaintUITests */ = {
			isa = PBXGroup;
			children = (
				D55940EC1E7BB8740039982C /* fishPaintUITests.swift */,
				D55940EE1E7BB8740039982C /* Info.plist */,
			);
			path = fishPaintUITests;
			sourceTree = "<group>";
		};
		D55940FA1E7BBD7F0039982C /* Class */ = {
			isa = PBXGroup;
			children = (
				D55940FB1E7BBE070039982C /* fishPaint.swift */,
			);
			name = Class;
			sourceTree = "<group>";
		};
/* End PBXGroup section */

/* Begin PBXNativeTarget section */
		D55940C81E7BB8740039982C /* fishPaint */ = {
			isa = PBXNativeTarget;
			buildConfigurationList = D55940F11E7BB8740039982C /* Build configuration list for PBXNativeTarget "fishPaint" */;
			buildPhases = (
				D55940C51E7BB8740039982C /* Sources */,
				D55940C61E7BB8740039982C /* Frameworks */,
				D55940C71E7BB8740039982C /* Resources */,
			);
			buildRules = (
			);
			dependencies = (
			);
			name = fishPaint;
			productName = fishPaint;
			productReference = D55940C91E7BB8740039982C /* fishPaint.app */;
			productType = "com.apple.product-type.application";
		};
		D55940DC1E7BB8740039982C /* fishPaintTests */ = {
			isa = PBXNativeTarget;
			buildConfigurationList = D55940F41E7BB8740039982C /* Build configuration list for PBXNativeTarget "fishPaintTests" */;
			buildPhases = (
				D55940D91E7BB8740039982C /* Sources */,
				D55940DA1E7BB8740039982C /* Frameworks */,
				D55940DB1E7BB8740039982C /* Resources */,
			);
			buildRules = (
			);
			dependencies = (
				D55940DF1E7BB8740039982C /* PBXTargetDependency */,
			);
			name = fishPaintTests;
			productName = fishPaintTests;
			productReference = D55940DD1E7BB8740039982C /* fishPaintTests.xctest */;
			productType = "com.apple.product-type.bundle.unit-test";
		};
		D55940E71E7BB8740039982C /* fishPaintUITests */ = {
			isa = PBXNativeTarget;
			buildConfigurationList = D55940F71E7BB8740039982C /* Build configuration list for PBXNativeTarget "fishPaintUITests" */;
			buildPhases = (
				D55940E41E7BB8740039982C /* Sources */,
				D55940E51E7BB8740039982C /* Frameworks */,
				D55940E61E7BB8740039982C /* Resources */,
			);
			buildRules = (
			);
			dependencies = (
				D55940EA1E7BB8740039982C /* PBXTargetDependency */,
			);
			name = fishPaintUITests;
			productName = fishPaintUITests;
			productReference = D55940E81E7BB8740039982C /* fishPaintUITests.xctest */;
			productType = "com.apple.product-type.bundle.ui-testing";
		};
/* End PBXNativeTarget section */

/* Begin PBXProject section */
		D55940C11E7BB8740039982C /* Project object */ = {
			isa = PBXProject;
			attributes = {
				LastSwiftUpdateCheck = 0800;
				LastUpgradeCheck = 0800;
				ORGANIZATIONNAME = dingo;
				TargetAttributes = {
					D55940C81E7BB8740039982C = {
						CreatedOnToolsVersion = 8.0;
						ProvisioningStyle = Automatic;
					};
					D55940DC1E7BB8740039982C = {
						CreatedOnToolsVersion = 8.0;
						ProvisioningStyle = Automatic;
						TestTargetID = D55940C81E7BB8740039982C;
					};
					D55940E71E7BB8740039982C = {
						CreatedOnToolsVersion = 8.0;
						ProvisioningStyle = Automatic;
						TestTargetID = D55940C81E7BB8740039982C;
					};
				};
			};
			buildConfigurationList = D55940C41E7BB8740039982C /* Build configuration list for PBXProject "fishPaint" */;
			compatibilityVersion = "Xcode 3.2";
			developmentRegion = English;
			hasScannedForEncodings = 0;
			knownRegions = (
				en,
				Base,
			);
			mainGroup = D55940C01E7BB8740039982C;
			productRefGroup = D55940CA1E7BB8740039982C /* Products */;
			projectDirPath = "";
			projectRoot = "";
			targets = (
				D55940C81E7BB8740039982C /* fishPaint */,
				D55940DC1E7BB8740039982C /* fishPaintTests */,
				D55940E71E7BB8740039982C /* fishPaintUITests */,
			);
		};
/* End PBXProject section */

/* Begin PBXResourcesBuildPhase section */
		D55940C71E7BB8740039982C /* Resources */ = {
			isa = PBXResourcesBuildPhase;
			buildActionMask = 2147483647;
			files = (
				D55940D71E7BB8740039982C /* LaunchScreen.storyboard in Resources */,
				D55940D41E7BB8740039982C /* Assets.xcassets in Resources */,
				D55940D21E7BB8740039982C /* Main.storyboard in Resources */,
			);
			runOnlyForDeploymentPostprocessing = 0;
		};
		D55940DB1E7BB8740039982C /* Resources */ = {
			isa = PBXResourcesBuildPhase;
			buildActionMask = 2147483647;
			files = (
			);
			runOnlyForDeploymentPostprocessing = 0;
		};
		D55940E61E7BB8740039982C /* Resources */ = {
			isa = PBXResourcesBuildPhase;
			buildActionMask = 2147483647;
			files = (
			);
			runOnlyForDeploymentPostprocessing = 0;
		};
/* End PBXResourcesBuildPhase section */

/* Begin PBXSourcesBuildPhase section */
		D55940C51E7BB8740039982C /* Sources */ = {
			isa = PBXSourcesBuildPhase;
			buildActionMask = 2147483647;
			files = (
				D55940FC1E7BBE070039982C /* fishPaint.swift in Sources */,
				D55940CF1E7BB8740039982C /* ViewController.swift in Sources */,
				D55940CD1E7BB8740039982C /* AppDelegate.swift in Sources */,
			);
			runOnlyForDeploymentPostprocessing = 0;
		};
		D55940D91E7BB8740039982C /* Sources */ = {
			isa = PBXSourcesBuildPhase;
			buildActionMask = 2147483647;
			files = (
				D55940E21E7BB8740039982C /* fishPaintTests.swift in Sources */,
			);
			runOnlyForDeploymentPostprocessing = 0;
		};
		D55940E41E7BB8740039982C /* Sources */ = {
			isa = PBXSourcesBuildPhase;
			buildActionMask = 2147483647;
			files = (
				D55940ED1E7BB8740039982C /* fishPaintUITests.swift in Sources */,
			);
			runOnlyForDeploymentPostprocessing = 0;
		};
/* End PBXSourcesBuildPhase section */

/* Begin PBXTargetDependency section */
		D55940DF1E7BB8740039982C /* PBXTargetDependency */ = {
			isa = PBXTargetDependency;
			target = D55940C81E7BB8740039982C /* fishPaint */;
			targetProxy = D55940DE1E7BB8740039982C /* PBXContainerItemProxy */;
		};
		D55940EA1E7BB8740039982C /* PBXTargetDependency */ = {
			isa = PBXTargetDependency;
			target = D55940C81E7BB8740039982C /* fishPaint */;
			targetProxy = D55940E91E7BB8740039982C /* PBXContainerItemProxy */;
		};
/* End PBXTargetDependency section */

/* Begin PBXVariantGroup section */
		D55940D01E7BB8740039982C /* Main.storyboard */ = {
			isa = PBXVariantGroup;
			children = (
				D55940D11E7BB8740039982C /* Base */,
			);
			name = Main.storyboard;
			sourceTree = "<group>";
		};
		D55940D51E7BB8740039982C /* LaunchScreen.storyboard */ = {
			isa = PBXVariantGroup;
			children = (
				D55940D61E7BB8740039982C /* Base */,
			);
			name = LaunchScreen.storyboard;
			sourceTree = "<group>";
		};
/* End PBXVariantGroup section */

/* Begin XCBuildConfiguration section */
		D55940EF1E7BB8740039982C /* Debug */ = {
			isa = XCBuildConfiguration;
			buildSettings = {
				ALWAYS_SEARCH_USER_PATHS = NO;
				CLANG_ANALYZER_NONNULL = YES;
				CLANG_CXX_LANGUAGE_STANDARD = "gnu++0x";
				CLANG_CXX_LIBRARY = "libc++";
				CLANG_ENABLE_MODULES = YES;
				CLANG_ENABLE_OBJC_ARC = YES;
				CLANG_WARN_BOOL_CONVERSION = YES;
				CLANG_WARN_CONSTANT_CONVERSION = YES;
				CLANG_WARN_DIRECT_OBJC_ISA_USAGE = YES_ERROR;
				CLANG_WARN_DOCUMENTATION_COMMENTS = YES;
				CLANG_WARN_EMPTY_BODY = YES;
				CLANG_WARN_ENUM_CONVERSION = YES;
				CLANG_WARN_INFINITE_RECURSION = YES;
				CLANG_WARN_INT_CONVERSION = YES;
				CLANG_WARN_OBJC_ROOT_CLASS = YES_ERROR;
				CLANG_WARN_SUSPICIOUS_MOVES = YES;
				CLANG_WARN_UNREACHABLE_CODE = YES;
				CLANG_WARN__DUPLICATE_METHOD_MATCH = YES;
				"CODE_SIGN_IDENTITY[sdk=iphoneos*]" = "iPhone Developer";
				COPY_PHASE_STRIP = NO;
				DEBUG_INFORMATION_FORMAT = dwarf;
				ENABLE_STRICT_OBJC_MSGSEND = YES;
				ENABLE_TESTABILITY = YES;
				GCC_C_LANGUAGE_STANDARD = gnu99;
				GCC_DYNAMIC_NO_PIC = NO;
				GCC_NO_COMMON_BLOCKS = YES;
				GCC_OPTIMIZATION_LEVEL = 0;
				GCC_PREPROCESSOR_DEFINITIONS = (
					"DEBUG=1",
					"$(inherited)",
				);
				GCC_WARN_64_TO_32_BIT_CONVERSION = YES;
				GCC_WARN_ABOUT_RETURN_TYPE = YES_ERROR;
				GCC_WARN_UNDECLARED_SELECTOR = YES;
				GCC_WARN_UNINITIALIZED_AUTOS = YES_AGGRESSIVE;
				GCC_WARN_UNUSED_FUNCTION = YES;
				GCC_WARN_UNUSED_VARIABLE = YES;
				IPHONEOS_DEPLOYMENT_TARGET = 10.0;
				MTL_ENABLE_DEBUG_INFO = YES;
				ONLY_ACTIVE_ARCH = YES;
				SDKROOT = iphoneos;
				SWIFT_ACTIVE_COMPILATION_CONDITIONS = DEBUG;
				SWIFT_OPTIMIZATION_LEVEL = "-Onone";
				TARGETED_DEVICE_FAMILY = "1,2";
			};
			name = Debug;
		};
		D55940F01E7BB8740039982C /* Release */ = {
			isa = XCBuildConfiguration;
			buildSettings = {
				ALWAYS_SEARCH_USER_PATHS = NO;
				CLANG_ANALYZER_NONNULL = YES;
				CLANG_CXX_LANGUAGE_STANDARD = "gnu++0x";
				CLANG_CXX_LIBRARY = "libc++";
				CLANG_ENABLE_MODULES = YES;
				CLANG_ENABLE_OBJC_ARC = YES;
				CLANG_WARN_BOOL_CONVERSION = YES;
				CLANG_WARN_CONSTANT_CONVERSION = YES;
				CLANG_WARN_DIRECT_OBJC_ISA_USAGE = YES_ERROR;
				CLANG_WARN_DOCUMENTATION_COMMENTS = YES;
				CLANG_WARN_EMPTY_BODY = YES;
				CLANG_WARN_ENUM_CONVERSION = YES;
				CLANG_WARN_INFINITE_RECURSION = YES;
				CLANG_WARN_INT_CONVERSION = YES;
				CLANG_WARN_OBJC_ROOT_CLASS = YES_ERROR;
				CLANG_WARN_SUSPICIOUS_MOVES = YES;
				CLANG_WARN_UNREACHABLE_CODE = YES;
				CLANG_WARN__DUPLICATE_METHOD_MATCH = YES;
				"CODE_SIGN_IDENTITY[sdk=iphoneos*]" = "iPhone Developer";
				COPY_PHASE_STRIP = NO;
				DEBUG_INFORMATION_FORMAT = "dwarf-with-dsym";
				ENABLE_NS_ASSERTIONS = NO;
				ENABLE_STRICT_OBJC_MSGSEND = YES;
				GCC_C_LANGUAGE_STANDARD = gnu99;
				GCC_NO_COMMON_BLOCKS = YES;
				GCC_WARN_64_TO_32_BIT_CONVERSION = YES;
				GCC_WARN_ABOUT_RETURN_TYPE = YES_ERROR;
				GCC_WARN_UNDECLARED_SELECTOR = YES;
				GCC_WARN_UNINITIALIZED_AUTOS = YES_AGGRESSIVE;
				GCC_WARN_UNUSED_FUNCTION = YES;
				GCC_WARN_UNUSED_VARIABLE = YES;
				IPHONEOS_DEPLOYMENT_TARGET = 10.0;
				MTL_ENABLE_DEBUG_INFO = NO;
				SDKROOT = iphoneos;
				SWIFT_OPTIMIZATION_LEVEL = "-Owholemodule";
				TARGETED_DEVICE_FAMILY = "1,2";
				VALIDATE_PRODUCT = YES;
			};
			name = Release;
		};
		D55940F21E7BB8740039982C /* Debug */ = {
			isa = XCBuildConfiguration;
			buildSettings = {
				ASSETCATALOG_COMPILER_APPICON_NAME = AppIcon;
				INFOPLIST_FILE = fishPaint/Info.plist;
				LD_RUNPATH_SEARCH_PATHS = "$(inherited) @executable_path/Frameworks";
				PRODUCT_BUNDLE_IDENTIFIER = fds.dingo.fishPaint;
				PRODUCT_NAME = "$(TARGET_NAME)";
				SWIFT_VERSION = 3.0;
			};
			name = Debug;
		};
		D55940F31E7BB8740039982C /* Release */ = {
			isa = XCBuildConfiguration;
			buildSettings = {
				ASSETCATALOG_COMPILER_APPICON_NAME = AppIcon;
				INFOPLIST_FILE = fishPaint/Info.plist;
				LD_RUNPATH_SEARCH_PATHS = "$(inherited) @executable_path/Frameworks";
				PRODUCT_BUNDLE_IDENTIFIER = fds.dingo.fishPaint;
				PRODUCT_NAME = "$(TARGET_NAME)";
				SWIFT_VERSION = 3.0;
			};
			name = Release;
		};
		D55940F51E7BB8740039982C /* Debug */ = {
			isa = XCBuildConfiguration;
			buildSettings = {
				ALWAYS_EMBED_SWIFT_STANDARD_LIBRARIES = YES;
				BUNDLE_LOADER = "$(TEST_HOST)";
				INFOPLIST_FILE = fishPaintTests/Info.plist;
				LD_RUNPATH_SEARCH_PATHS = "$(inherited) @executable_path/Frameworks @loader_path/Frameworks";
				PRODUCT_BUNDLE_IDENTIFIER = fds.dingo.fishPaintTests;
				PRODUCT_NAME = "$(TARGET_NAME)";
				SWIFT_VERSION = 3.0;
				TEST_HOST = "$(BUILT_PRODUCTS_DIR)/fishPaint.app/fishPaint";
			};
			name = Debug;
		};
		D55940F61E7BB8740039982C /* Release */ = {
			isa = XCBuildConfiguration;
			buildSettings = {
				ALWAYS_EMBED_SWIFT_STANDARD_LIBRARIES = YES;
				BUNDLE_LOADER = "$(TEST_HOST)";
				INFOPLIST_FILE = fishPaintTests/Info.plist;
				LD_RUNPATH_SEARCH_PATHS = "$(inherited) @executable_path/Frameworks @loader_path/Frameworks";
				PRODUCT_BUNDLE_IDENTIFIER = fds.dingo.fishPaintTests;
				PRODUCT_NAME = "$(TARGET_NAME)";
				SWIFT_VERSION = 3.0;
				TEST_HOST = "$(BUILT_PRODUCTS_DIR)/fishPaint.app/fishPaint";
			};
			name = Release;
		};
		D55940F81E7BB8740039982C /* Debug */ = {
			isa = XCBuildConfiguration;
			buildSettings = {
				ALWAYS_EMBED_SWIFT_STANDARD_LIBRARIES = YES;
				INFOPLIST_FILE = fishPaintUITests/Info.plist;
				LD_RUNPATH_SEARCH_PATHS = "$(inherited) @executable_path/Frameworks @loader_path/Frameworks";
				PRODUCT_BUNDLE_IDENTIFIER = fds.dingo.fishPaintUITests;
				PRODUCT_NAME = "$(TARGET_NAME)";
				SWIFT_VERSION = 3.0;
				TEST_TARGET_NAME = fishPaint;
			};
			name = Debug;
		};
		D55940F91E7BB8740039982C /* Release */ = {
			isa = XCBuildConfiguration;
			buildSettings = {
				ALWAYS_EMBED_SWIFT_STANDARD_LIBRARIES = YES;
				INFOPLIST_FILE = fishPaintUITests/Info.plist;
				LD_RUNPATH_SEARCH_PATHS = "$(inherited) @executable_path/Frameworks @loader_path/Frameworks";
				PRODUCT_BUNDLE_IDENTIFIER = fds.dingo.fishPaintUITests;
				PRODUCT_NAME = "$(TARGET_NAME)";
				SWIFT_VERSION = 3.0;
				TEST_TARGET_NAME = fishPaint;
			};
			name = Release;
		};
/* End XCBuildConfiguration section */

/* Begin XCConfigurationList section */
		D55940C41E7BB8740039982C /* Build configuration list for PBXProject "fishPaint" */ = {
			isa = XCConfigurationList;
			buildConfigurations = (
				D55940EF1E7BB8740039982C /* Debug */,
				D55940F01E7BB8740039982C /* Release */,
			);
			defaultConfigurationIsVisible = 0;
			defaultConfigurationName = Release;
		};
		D55940F11E7BB8740039982C /* Build configuration list for PBXNativeTarget "fishPaint" */ = {
			isa = XCConfigurationList;
			buildConfigurations = (
				D55940F21E7BB8740039982C /* Debug */,
				D55940F31E7BB8740039982C /* Release */,
			);
			defaultConfigurationIsVisible = 0;
		};
		D55940F41E7BB8740039982C /* Build configuration list for PBXNativeTarget "fishPaintTests" */ = {
			isa = XCConfigurationList;
			buildConfigurations = (
				D55940F51E7BB8740039982C /* Debug */,
				D55940F61E7BB8740039982C /* Release */,
			);
			defaultConfigurationIsVisible = 0;
		};
		D55940F71E7BB8740039982C /* Build configuration list for PBXNativeTarget "fishPaintUITests" */ = {
			isa = XCConfigurationList;
			buildConfigurations = (
				D55940F81E7BB8740039982C /* Debug */,
				D55940F91E7BB8740039982C /* Release */,
			);
			defaultConfigurationIsVisible = 0;
		};
/* End XCConfigurationList section */
	};
	rootObject = D55940C11E7BB8740039982C /* Project object */;
}
